
Microsoft Visual Studio Solution File, Format Version 12.00
# Visual Studio Version 16
VisualStudioVersion = 16.0.31112.23
MinimumVisualStudioVersion = 10.0.40219.1
Project("{FAE04EC0-301F-11D3-BF4B-00C04F79EFBC}") = "UserRegistrationMSTest", "UserRegistrationMSTest\UserRegistrationMSTest.csproj", "{A79DE771-1A04-4137-9E63-3ED50F99538B}"
EndProject
Project("{FAE04EC0-301F-11D3-BF4B-00C04F79EFBC}") = "MSTestUserRegistration", "MSTestUserRegistration\MSTestUserRegistration.csproj", "{7D47BC35-9F0B-4588-8F68-C8544B384179}"
EndProject
Global
	GlobalSection(SolutionConfigurationPlatforms) = preSolution
		Debug|Any CPU = Debug|Any CPU
		Release|Any CPU = Release|Any CPU
	EndGlobalSection
	GlobalSection(ProjectConfigurationPlatforms) = postSolution
		{A79DE771-1A04-4137-9E63-3ED50F99538B}.Debug|Any CPU.ActiveCfg = Debug|Any CPU
		{A79DE771-1A04-4137-9E63-3ED50F99538B}.Debug|Any CPU.Build.0 = Debug|Any CPU
		{A79DE771-1A04-4137-9E63-3ED50F99538B}.Release|Any CPU.ActiveCfg = Release|Any CPU
		{A79DE771-1A04-4137-9E63-3ED50F99538B}.Release|Any CPU.Build.0 = Release|Any CPU
		{7D47BC35-9F0B-4588-8F68-C8544B384179}.Debug|Any CPU.ActiveCfg = Debug|Any CPU
		{7D47BC35-9F0B-4588-8F68-C8544B384179}.Debug|Any CPU.Build.0 = Debug|Any CPU
		{7D47BC35-9F0B-4588-8F68-C8544B384179}.Release|Any CPU.ActiveCfg = Release|Any CPU
		{7D47BC35-9F0B-4588-8F68-C8544B384179}.Release|Any CPU.Build.0 = Release|Any CPU
	EndGlobalSection
	GlobalSection(SolutionProperties) = preSolution
		HideSolutionNode = FALSE
	EndGlobalSection
	GlobalSection(ExtensibilityGlobals) = postSolution
		SolutionGuid = {3A9DEFA3-BE22-43FD-9C5F-6A5CF4BAB7B6}
	EndGlobalSection
EndGlobal
